
Microsoft Visual Studio Solution File, Format Version 12.00
# Visual Studio 15
Project("{FAE04EC0-301F-11D3-BF4B-00C04F79EFBC}") = "Assembly-CSharp-Editor", "Assembly-CSharp-Editor.csproj", "{1472B2B9-B999-899B-FDEB-200101EC5F08}"
EndProject
Project("{FAE04EC0-301F-11D3-BF4B-00C04F79EFBC}") = "Assembly-CSharp", "Assembly-CSharp.csproj", "{2E55389A-1EA3-530F-D9DD-68FD01BC5971}"
EndProject
Global
	GlobalSection(SolutionConfigurationPlatforms) = preSolution
		Debug|Any CPU = Debug|Any CPU
		Release|Any CPU = Release|Any CPU
	EndGlobalSection
	GlobalSection(ProjectConfigurationPlatforms) = postSolution
		{1472B2B9-B999-899B-FDEB-200101EC5F08}.Debug|Any CPU.ActiveCfg = Debug|Any CPU
		{1472B2B9-B999-899B-FDEB-200101EC5F08}.Debug|Any CPU.Build.0 = Debug|Any CPU
		{1472B2B9-B999-899B-FDEB-200101EC5F08}.Release|Any CPU.ActiveCfg = Release|Any CPU
		{1472B2B9-B999-899B-FDEB-200101EC5F08}.Release|Any CPU.Build.0 = Release|Any CPU
		{2E55389A-1EA3-530F-D9DD-68FD01BC5971}.Debug|Any CPU.ActiveCfg = Debug|Any CPU
		{2E55389A-1EA3-530F-D9DD-68FD01BC5971}.Debug|Any CPU.Build.0 = Debug|Any CPU
		{2E55389A-1EA3-530F-D9DD-68FD01BC5971}.Release|Any CPU.ActiveCfg = Release|Any CPU
		{2E55389A-1EA3-530F-D9DD-68FD01BC5971}.Release|Any CPU.Build.0 = Release|Any CPU
	EndGlobalSection
	GlobalSection(SolutionProperties) = preSolution
		HideSolutionNode = FALSE
	EndGlobalSection
EndGlobal
